// !$*UTF8*$!
{
	archiveVersion = 1;
	classes = {
	};
	objectVersion = 46;
	objects = {

/* Begin PBXBuildFile section */
		CFF870891DBA0E4E005AD113 /* WMLocation.framework in Frameworks */ = {isa = PBXBuildFile; fileRef = CFF8707F1DBA0E4E005AD113 /* WMLocation.framework */; };
		CFF8708E1DBA0E4E005AD113 /* WMLocationTests.swift in Sources */ = {isa = PBXBuildFile; fileRef = CFF8708D1DBA0E4E005AD113 /* WMLocationTests.swift */; };
		CFF870901DBA0E4E005AD113 /* WMLocation.h in Headers */ = {isa = PBXBuildFile; fileRef = CFF870821DBA0E4E005AD113 /* WMLocation.h */; settings = {ATTRIBUTES = (Public, ); }; };
		CFF8709A1DBA133C005AD113 /* WMLocationManager.swift in Sources */ = {isa = PBXBuildFile; fileRef = CFF870991DBA133C005AD113 /* WMLocationManager.swift */; };
		CFF8709D1DBA1378005AD113 /* CoreLocation.framework in Frameworks */ = {isa = PBXBuildFile; fileRef = CFF8709C1DBA1378005AD113 /* CoreLocation.framework */; };
/* End PBXBuildFile section */

/* Begin PBXContainerItemProxy section */
		CFF8708A1DBA0E4E005AD113 /* PBXContainerItemProxy */ = {
			isa = PBXContainerItemProxy;
			containerPortal = CFF870761DBA0E4E005AD113 /* Project object */;
			proxyType = 1;
			remoteGlobalIDString = CFF8707E1DBA0E4E005AD113;
			remoteInfo = WMLocation;
		};
/* End PBXContainerItemProxy section */

/* Begin PBXFileReference section */
		CFF8707F1DBA0E4E005AD113 /* WMLocation.framework */ = {isa = PBXFileReference; explicitFileType = wrapper.framework; includeInIndex = 0; path = WMLocation.framework; sourceTree = BUILT_PRODUCTS_DIR; };
		CFF870821DBA0E4E005AD113 /* WMLocation.h */ = {isa = PBXFileReference; lastKnownFileType = sourcecode.c.h; path = WMLocation.h; sourceTree = "<group>"; };
		CFF870831DBA0E4E005AD113 /* Info.plist */ = {isa = PBXFileReference; lastKnownFileType = text.plist.xml; path = Info.plist; sourceTree = "<group>"; };
		CFF870881DBA0E4E005AD113 /* WMLocationTests.xctest */ = {isa = PBXFileReference; explicitFileType = wrapper.cfbundle; includeInIndex = 0; path = WMLocationTests.xctest; sourceTree = BUILT_PRODUCTS_DIR; };
		CFF8708D1DBA0E4E005AD113 /* WMLocationTests.swift */ = {isa = PBXFileReference; lastKnownFileType = sourcecode.swift; path = WMLocationTests.swift; sourceTree = "<group>"; };
		CFF8708F1DBA0E4E005AD113 /* Info.plist */ = {isa = PBXFileReference; lastKnownFileType = text.plist.xml; path = Info.plist; sourceTree = "<group>"; };
		CFF870991DBA133C005AD113 /* WMLocationManager.swift */ = {isa = PBXFileReference; fileEncoding = 4; lastKnownFileType = sourcecode.swift; path = WMLocationManager.swift; sourceTree = "<group>"; };
		CFF8709C1DBA1378005AD113 /* CoreLocation.framework */ = {isa = PBXFileReference; lastKnownFileType = wrapper.framework; name = CoreLocation.framework; path = System/Library/Frameworks/CoreLocation.framework; sourceTree = SDKROOT; };
/* End PBXFileReference section */

/* Begin PBXFrameworksBuildPhase section */
		CFF8707B1DBA0E4E005AD113 /* Frameworks */ = {
			isa = PBXFrameworksBuildPhase;
			buildActionMask = 2147483647;
			files = (
				CFF8709D1DBA1378005AD113 /* CoreLocation.framework in Frameworks */,
			);
			runOnlyForDeploymentPostprocessing = 0;
		};
		CFF870851DBA0E4E005AD113 /* Frameworks */ = {
			isa = PBXFrameworksBuildPhase;
			buildActionMask = 2147483647;
			files = (
				CFF870891DBA0E4E005AD113 /* WMLocation.framework in Frameworks */,
			);
			runOnlyForDeploymentPostprocessing = 0;
		};
/* End PBXFrameworksBuildPhase section */

/* Begin PBXGroup section */
		CFF870751DBA0E4E005AD113 = {
			isa = PBXGroup;
			children = (
				CFF870811DBA0E4E005AD113 /* WMLocation */,
				CFF8708C1DBA0E4E005AD113 /* WMLocationTests */,
				CFF870801DBA0E4E005AD113 /* Products */,
				CFF8709B1DBA1378005AD113 /* Frameworks */,
			);
			sourceTree = "<group>";
		};
		CFF870801DBA0E4E005AD113 /* Products */ = {
			isa = PBXGroup;
			children = (
				CFF8707F1DBA0E4E005AD113 /* WMLocation.framework */,
				CFF870881DBA0E4E005AD113 /* WMLocationTests.xctest */,
			);
			name = Products;
			sourceTree = "<group>";
		};
		CFF870811DBA0E4E005AD113 /* WMLocation */ = {
			isa = PBXGroup;
			children = (
				CFF870821DBA0E4E005AD113 /* WMLocation.h */,
				CFF870831DBA0E4E005AD113 /* Info.plist */,
				CFF870991DBA133C005AD113 /* WMLocationManager.swift */,
			);
			path = WMLocation;
			sourceTree = "<group>";
		};
		CFF8708C1DBA0E4E005AD113 /* WMLocationTests */ = {
			isa = PBXGroup;
			children = (
				CFF8708D1DBA0E4E005AD113 /* WMLocationTests.swift */,
				CFF8708F1DBA0E4E005AD113 /* Info.plist */,
			);
			path = WMLocationTests;
			sourceTree = "<group>";
		};
		CFF8709B1DBA1378005AD113 /* Frameworks */ = {
			isa = PBXGroup;
			children = (
				CFF8709C1DBA1378005AD113 /* CoreLocation.framework */,
			);
			name = Frameworks;
			sourceTree = "<group>";
		};
/* End PBXGroup section */

/* Begin PBXHeadersBuildPhase section */
		CFF8707C1DBA0E4E005AD113 /* Headers */ = {
			isa = PBXHeadersBuildPhase;
			buildActionMask = 2147483647;
			files = (
				CFF870901DBA0E4E005AD113 /* WMLocation.h in Headers */,
			);
			runOnlyForDeploymentPostprocessing = 0;
		};
/* End PBXHeadersBuildPhase section */

/* Begin PBXNativeTarget section */
		CFF8707E1DBA0E4E005AD113 /* WMLocation */ = {
			isa = PBXNativeTarget;
			buildConfigurationList = CFF870931DBA0E4E005AD113 /* Build configuration list for PBXNativeTarget "WMLocation" */;
			buildPhases = (
				CFF8707A1DBA0E4E005AD113 /* Sources */,
				CFF8707B1DBA0E4E005AD113 /* Frameworks */,
				CFF8707C1DBA0E4E005AD113 /* Headers */,
				CFF8707D1DBA0E4E005AD113 /* Resources */,
			);
			buildRules = (
			);
			dependencies = (
			);
			name = WMLocation;
			productName = WMLocation;
			productReference = CFF8707F1DBA0E4E005AD113 /* WMLocation.framework */;
			productType = "com.apple.product-type.framework";
		};
		CFF870871DBA0E4E005AD113 /* WMLocationTests */ = {
			isa = PBXNativeTarget;
			buildConfigurationList = CFF870961DBA0E4E005AD113 /* Build configuration list for PBXNativeTarget "WMLocationTests" */;
			buildPhases = (
				CFF870841DBA0E4E005AD113 /* Sources */,
				CFF870851DBA0E4E005AD113 /* Frameworks */,
				CFF870861DBA0E4E005AD113 /* Resources */,
			);
			buildRules = (
			);
			dependencies = (
				CFF8708B1DBA0E4E005AD113 /* PBXTargetDependency */,
			);
			name = WMLocationTests;
			productName = WMLocationTests;
			productReference = CFF870881DBA0E4E005AD113 /* WMLocationTests.xctest */;
			productType = "com.apple.product-type.bundle.unit-test";
		};
/* End PBXNativeTarget section */

/* Begin PBXProject section */
		CFF870761DBA0E4E005AD113 /* Project object */ = {
			isa = PBXProject;
			attributes = {
				LastSwiftUpdateCheck = 0800;
				LastUpgradeCheck = 0800;
				ORGANIZATIONNAME = "Photon Infotech Inc.";
				TargetAttributes = {
					CFF8707E1DBA0E4E005AD113 = {
						CreatedOnToolsVersion = 8.0;
						DevelopmentTeam = M72NAL3U5D;
						LastSwiftMigration = 0800;
						ProvisioningStyle = Automatic;
					};
					CFF870871DBA0E4E005AD113 = {
						CreatedOnToolsVersion = 8.0;
						DevelopmentTeam = M72NAL3U5D;
						ProvisioningStyle = Automatic;
					};
				};
			};
			buildConfigurationList = CFF870791DBA0E4E005AD113 /* Build configuration list for PBXProject "WMLocation" */;
			compatibilityVersion = "Xcode 3.2";
			developmentRegion = English;
			hasScannedForEncodings = 0;
			knownRegions = (
				en,
			);
			mainGroup = CFF870751DBA0E4E005AD113;
			productRefGroup = CFF870801DBA0E4E005AD113 /* Products */;
			projectDirPath = "";
			projectRoot = "";
			targets = (
				CFF8707E1DBA0E4E005AD113 /* WMLocation */,
				CFF870871DBA0E4E005AD113 /* WMLocationTests */,
			);
		};
/* End PBXProject section */

/* Begin PBXResourcesBuildPhase section */
		CFF8707D1DBA0E4E005AD113 /* Resources */ = {
			isa = PBXResourcesBuildPhase;
			buildActionMask = 2147483647;
			files = (
			);
			runOnlyForDeploymentPostprocessing = 0;
		};
		CFF870861DBA0E4E005AD113 /* Resources */ = {
			isa = PBXResourcesBuildPhase;
			buildActionMask = 2147483647;
			files = (
			);
			runOnlyForDeploymentPostprocessing = 0;
		};
/* End PBXResourcesBuildPhase section */

/* Begin PBXSourcesBuildPhase section */
		CFF8707A1DBA0E4E005AD113 /* Sources */ = {
			isa = PBXSourcesBuildPhase;
			buildActionMask = 2147483647;
			files = (
				CFF8709A1DBA133C005AD113 /* WMLocationManager.swift in Sources */,
			);
			runOnlyForDeploymentPostprocessing = 0;
		};
		CFF870841DBA0E4E005AD113 /* Sources */ = {
			isa = PBXSourcesBuildPhase;
			buildActionMask = 2147483647;
			files = (
				CFF8708E1DBA0E4E005AD113 /* WMLocationTests.swift in Sources */,
			);
			runOnlyForDeploymentPostprocessing = 0;
		};
/* End PBXSourcesBuildPhase section */

/* Begin PBXTargetDependency section */
		CFF8708B1DBA0E4E005AD113 /* PBXTargetDependency */ = {
			isa = PBXTargetDependency;
			target = CFF8707E1DBA0E4E005AD113 /* WMLocation */;
			targetProxy = CFF8708A1DBA0E4E005AD113 /* PBXContainerItemProxy */;
		};
/* End PBXTargetDependency section */

/* Begin XCBuildConfiguration section */
		CFF870911DBA0E4E005AD113 /* Debug */ = {
			isa = XCBuildConfiguration;
			buildSettings = {
				ALWAYS_SEARCH_USER_PATHS = NO;
				CLANG_ANALYZER_NONNULL = YES;
				CLANG_CXX_LANGUAGE_STANDARD = "gnu++0x";
				CLANG_CXX_LIBRARY = "libc++";
				CLANG_ENABLE_MODULES = YES;
				CLANG_ENABLE_OBJC_ARC = YES;
				CLANG_WARN_BOOL_CONVERSION = YES;
				CLANG_WARN_CONSTANT_CONVERSION = YES;
				CLANG_WARN_DIRECT_OBJC_ISA_USAGE = YES_ERROR;
				CLANG_WARN_DOCUMENTATION_COMMENTS = YES;
				CLANG_WARN_EMPTY_BODY = YES;
				CLANG_WARN_ENUM_CONVERSION = YES;
				CLANG_WARN_INFINITE_RECURSION = YES;
				CLANG_WARN_INT_CONVERSION = YES;
				CLANG_WARN_OBJC_ROOT_CLASS = YES_ERROR;
				CLANG_WARN_SUSPICIOUS_MOVES = YES;
				CLANG_WARN_UNREACHABLE_CODE = YES;
				CLANG_WARN__DUPLICATE_METHOD_MATCH = YES;
				"CODE_SIGN_IDENTITY[sdk=iphoneos*]" = "iPhone Developer";
				COPY_PHASE_STRIP = NO;
				CURRENT_PROJECT_VERSION = 1;
				DEBUG_INFORMATION_FORMAT = dwarf;
				ENABLE_STRICT_OBJC_MSGSEND = YES;
				ENABLE_TESTABILITY = YES;
				GCC_C_LANGUAGE_STANDARD = gnu99;
				GCC_DYNAMIC_NO_PIC = NO;
				GCC_NO_COMMON_BLOCKS = YES;
				GCC_OPTIMIZATION_LEVEL = 0;
				GCC_PREPROCESSOR_DEFINITIONS = (
					"DEBUG=1",
					"$(inherited)",
				);
				GCC_WARN_64_TO_32_BIT_CONVERSION = YES;
				GCC_WARN_ABOUT_RETURN_TYPE = YES_ERROR;
				GCC_WARN_UNDECLARED_SELECTOR = YES;
				GCC_WARN_UNINITIALIZED_AUTOS = YES_AGGRESSIVE;
				GCC_WARN_UNUSED_FUNCTION = YES;
				GCC_WARN_UNUSED_VARIABLE = YES;
				IPHONEOS_DEPLOYMENT_TARGET = 10.0;
				MTL_ENABLE_DEBUG_INFO = YES;
				ONLY_ACTIVE_ARCH = YES;
				SDKROOT = iphoneos;
				SWIFT_ACTIVE_COMPILATION_CONDITIONS = DEBUG;
				SWIFT_OPTIMIZATION_LEVEL = "-Onone";
				TARGETED_DEVICE_FAMILY = "1,2";
				VERSIONING_SYSTEM = "apple-generic";
				VERSION_INFO_PREFIX = "";
			};
			name = Debug;
		};
		CFF870921DBA0E4E005AD113 /* Release */ = {
			isa = XCBuildConfiguration;
			buildSettings = {
				ALWAYS_SEARCH_USER_PATHS = NO;
				CLANG_ANALYZER_NONNULL = YES;
				CLANG_CXX_LANGUAGE_STANDARD = "gnu++0x";
				CLANG_CXX_LIBRARY = "libc++";
				CLANG_ENABLE_MODULES = YES;
				CLANG_ENABLE_OBJC_ARC = YES;
				CLANG_WARN_BOOL_CONVERSION = YES;
				CLANG_WARN_CONSTANT_CONVERSION = YES;
				CLANG_WARN_DIRECT_OBJC_ISA_USAGE = YES_ERROR;
				CLANG_WARN_DOCUMENTATION_COMMENTS = YES;
				CLANG_WARN_EMPTY_BODY = YES;
				CLANG_WARN_ENUM_CONVERSION = YES;
				CLANG_WARN_INFINITE_RECURSION = YES;
				CLANG_WARN_INT_CONVERSION = YES;
				CLANG_WARN_OBJC_ROOT_CLASS = YES_ERROR;
				CLANG_WARN_SUSPICIOUS_MOVES = YES;
				CLANG_WARN_UNREACHABLE_CODE = YES;
				CLANG_WARN__DUPLICATE_METHOD_MATCH = YES;
				"CODE_SIGN_IDENTITY[sdk=iphoneos*]" = "iPhone Developer";
				COPY_PHASE_STRIP = NO;
				CURRENT_PROJECT_VERSION = 1;
				DEBUG_INFORMATION_FORMAT = "dwarf-with-dsym";
				ENABLE_NS_ASSERTIONS = NO;
				ENABLE_STRICT_OBJC_MSGSEND = YES;
				GCC_C_LANGUAGE_STANDARD = gnu99;
				GCC_NO_COMMON_BLOCKS = YES;
				GCC_WARN_64_TO_32_BIT_CONVERSION = YES;
				GCC_WARN_ABOUT_RETURN_TYPE = YES_ERROR;
				GCC_WARN_UNDECLARED_SELECTOR = YES;
				GCC_WARN_UNINITIALIZED_AUTOS = YES_AGGRESSIVE;
				GCC_WARN_UNUSED_FUNCTION = YES;
				GCC_WARN_UNUSED_VARIABLE = YES;
				IPHONEOS_DEPLOYMENT_TARGET = 10.0;
				MTL_ENABLE_DEBUG_INFO = NO;
				SDKROOT = iphoneos;
				SWIFT_OPTIMIZATION_LEVEL = "-Owholemodule";
				TARGETED_DEVICE_FAMILY = "1,2";
				VALIDATE_PRODUCT = YES;
				VERSIONING_SYSTEM = "apple-generic";
				VERSION_INFO_PREFIX = "";
			};
			name = Release;
		};
		CFF870941DBA0E4E005AD113 /* Debug */ = {
			isa = XCBuildConfiguration;
			buildSettings = {
				CLANG_ENABLE_MODULES = YES;
				CODE_SIGN_IDENTITY = "";
				DEFINES_MODULE = YES;
				DEVELOPMENT_TEAM = M72NAL3U5D;
				DYLIB_COMPATIBILITY_VERSION = 1;
				DYLIB_CURRENT_VERSION = 1;
				DYLIB_INSTALL_NAME_BASE = "@rpath";
				INFOPLIST_FILE = WMLocation/Info.plist;
				INSTALL_PATH = "$(LOCAL_LIBRARY_DIR)/Frameworks";
				LD_RUNPATH_SEARCH_PATHS = "$(inherited) @executable_path/Frameworks @loader_path/Frameworks";
				PRODUCT_BUNDLE_IDENTIFIER = com.photon.WMLocation;
				PRODUCT_NAME = "$(TARGET_NAME)";
				SKIP_INSTALL = YES;
				SWIFT_OPTIMIZATION_LEVEL = "-Onone";
				SWIFT_VERSION = 3.0;
			};
			name = Debug;
		};
		CFF870951DBA0E4E005AD113 /* Release */ = {
			isa = XCBuildConfiguration;
			buildSettings = {
				CLANG_ENABLE_MODULES = YES;
				CODE_SIGN_IDENTITY = "";
				DEFINES_MODULE = YES;
				DEVELOPMENT_TEAM = M72NAL3U5D;
				DYLIB_COMPATIBILITY_VERSION = 1;
				DYLIB_CURRENT_VERSION = 1;
				DYLIB_INSTALL_NAME_BASE = "@rpath";
				INFOPLIST_FILE = WMLocation/Info.plist;
				INSTALL_PATH = "$(LOCAL_LIBRARY_DIR)/Frameworks";
				LD_RUNPATH_SEARCH_PATHS = "$(inherited) @executable_path/Frameworks @loader_path/Frameworks";
				PRODUCT_BUNDLE_IDENTIFIER = com.photon.WMLocation;
				PRODUCT_NAME = "$(TARGET_NAME)";
				SKIP_INSTALL = YES;
				SWIFT_VERSION = 3.0;
			};
			name = Release;
		};
		CFF870971DBA0E4E005AD113 /* Debug */ = {
			isa = XCBuildConfiguration;
			buildSettings = {
				ALWAYS_EMBED_SWIFT_STANDARD_LIBRARIES = YES;
				DEVELOPMENT_TEAM = M72NAL3U5D;
				INFOPLIST_FILE = WMLocationTests/Info.plist;
				LD_RUNPATH_SEARCH_PATHS = "$(inherited) @executable_path/Frameworks @loader_path/Frameworks";
				PRODUCT_BUNDLE_IDENTIFIER = com.photon.WMLocationTests;
				PRODUCT_NAME = "$(TARGET_NAME)";
				SWIFT_VERSION = 3.0;
			};
			name = Debug;
		};
		CFF870981DBA0E4E005AD113 /* Release */ = {
			isa = XCBuildConfiguration;
			buildSettings = {
				ALWAYS_EMBED_SWIFT_STANDARD_LIBRARIES = YES;
				DEVELOPMENT_TEAM = M72NAL3U5D;
				INFOPLIST_FILE = WMLocationTests/Info.plist;
				LD_RUNPATH_SEARCH_PATHS = "$(inherited) @executable_path/Frameworks @loader_path/Frameworks";
				PRODUCT_BUNDLE_IDENTIFIER = com.photon.WMLocationTests;
				PRODUCT_NAME = "$(TARGET_NAME)";
				SWIFT_VERSION = 3.0;
			};
			name = Release;
		};
/* End XCBuildConfiguration section */

/* Begin XCConfigurationList section */
		CFF870791DBA0E4E005AD113 /* Build configuration list for PBXProject "WMLocation" */ = {
			isa = XCConfigurationList;
			buildConfigurations = (
				CFF870911DBA0E4E005AD113 /* Debug */,
				CFF870921DBA0E4E005AD113 /* Release */,
			);
			defaultConfigurationIsVisible = 0;
			defaultConfigurationName = Release;
		};
		CFF870931DBA0E4E005AD113 /* Build configuration list for PBXNativeTarget "WMLocation" */ = {
			isa = XCConfigurationList;
			buildConfigurations = (
				CFF870941DBA0E4E005AD113 /* Debug */,
				CFF870951DBA0E4E005AD113 /* Release */,
			);
			defaultConfigurationIsVisible = 0;
		};
		CFF870961DBA0E4E005AD113 /* Build configuration list for PBXNativeTarget "WMLocationTests" */ = {
			isa = XCConfigurationList;
			buildConfigurations = (
				CFF870971DBA0E4E005AD113 /* Debug */,
				CFF870981DBA0E4E005AD113 /* Release */,
			);
			defaultConfigurationIsVisible = 0;
		};
/* End XCConfigurationList section */
	};
	rootObject = CFF870761DBA0E4E005AD113 /* Project object */;
}
